<Solution>
  <Folder Name="/Solution Items/">
    <File Path=".editorconfig" />
    <File Path="dotnet.config" />
  </Folder>
  <Folder Name="/src/">
    <Project Path="src/Kuddle.Net.Benchmarks/Kuddle.Net.Benchmarks.csproj" />
    <Project Path="src/Kuddle.Net/Kuddle.Net.csproj" />
    <Project Path="src/Kuddle.Net.Tests/Kuddle.Net.Tests.csproj" />
  </Folder>
</Solution>
